<?xml version="1.0" encoding="utf-8"?>
<Project ToolsVersion="4.0" xmlns="http://schemas.microsoft.com/developer/msbuild/2003">
  <ItemGroup>
    <Filter Include="소스 파일">
      <UniqueIdentifier>{4FC737F1-C7A5-4376-A066-2A32D752A2FF}</UniqueIdentifier>
      <Extensions>cpp;c;cc;cxx;c++;cppm;ixx;def;odl;idl;hpj;bat;asm;asmx</Extensions>
    </Filter>
    <Filter Include="헤더 파일">
      <UniqueIdentifier>{93995380-89BD-4b04-88EB-625FBE52EBFB}</UniqueIdentifier>
      <Extensions>h;hh;hpp;hxx;h++;hm;inl;inc;ipp;xsd</Extensions>
    </Filter>
    <Filter Include="리소스 파일">
      <UniqueIdentifier>{67DA6AB6-F800-4c08-8B7A-83BB121AAD01}</UniqueIdentifier>
      <Extensions>rc;ico;cur;bmp;dlg;rc2;rct;bin;rgs;gif;jpg;jpeg;jpe;resx;tiff;tif;png;wav;mfcribbon-ms</Extensions>
    </Filter>
    <Filter Include="소스 파일\donghoon">
      <UniqueIdentifier>{5dc16690-9f3b-46a9-8a33-7d9507c61c2f}</UniqueIdentifier>
    </Filter>
    <Filter Include="소스 파일\oownusq">
      <UniqueIdentifier>{86b2de88-9536-4779-a0dc-247a991ad492}</UniqueIdentifier>
    </Filter>
    <Filter Include="소스 파일\shape_kim">
      <UniqueIdentifier>{60ba2946-7bc2-4ca8-8d8b-920b7b248ec8}</UniqueIdentifier>
    </Filter>
    <Filter Include="소스 파일\saehyeon">
      <UniqueIdentifier>{4bd47bff-ba10-4ede-9fc7-84ef31eef487}</UniqueIdentifier>
    </Filter>
    <Filter Include="소스 파일\hyunbin63">
      <UniqueIdentifier>{98e6e1cf-cddd-4e9c-9805-c3776f1d9940}</UniqueIdentifier>
    </Filter>
  </ItemGroup>
  <ItemGroup>
    <ClCompile Include="ebook.c">
      <Filter>소스 파일\oownusq</Filter>
    </ClCompile>
    <ClCompile Include="RSP.c">
      <Filter>소스 파일\saehyeon</Filter>
    </ClCompile>
    <ClCompile Include="calculator.c">
      <Filter>소스 파일\saehyeon</Filter>
    </ClCompile>
    <ClCompile Include="vending mechine.c">
      <Filter>소스 파일\shape_kim</Filter>
    </ClCompile>
    <ClCompile Include="MYS.c">
      <Filter>소스 파일\donghoon</Filter>
    </ClCompile>
    <ClCompile Include="next.c">
      <Filter>소스 파일\hyunbin63</Filter>
    </ClCompile>
    <ClCompile Include="choice.c">
      <Filter>소스 파일\hyunbin63</Filter>
    </ClCompile>
    <ClCompile Include="main.c">
      <Filter>소스 파일\hyunbin63</Filter>
    </ClCompile>
    <ClCompile Include="timer.c">
      <Filter>소스 파일\donghoon</Filter>
    </ClCompile>
    <ClCompile Include="calender.c">
      <Filter>소스 파일\oownusq</Filter>
    </ClCompile>
    <ClCompile Include="초 변환기.c">
      <Filter>소스 파일\donghoon</Filter>
    </ClCompile>
    <ClCompile Include="baskin.c">
      <Filter>소스 파일\hyunbin63</Filter>
    </ClCompile>
  </ItemGroup>
  <ItemGroup>
    <ClInclude Include="AppBox.h">
      <Filter>헤더 파일</Filter>
    </ClInclude>
  </ItemGroup>
</Project>